
Microsoft Visual Studio Solution File, Format Version 12.00
# Visual Studio Version 16
VisualStudioVersion = 16.0.31005.135
MinimumVisualStudioVersion = 10.0.40219.1
Project("{FAE04EC0-301F-11D3-BF4B-00C04F79EFBC}") = "DeafHearingAID.UWP", "DeafHearingAID\DeafHearingAID.UWP\DeafHearingAID.UWP.csproj", "{CF357654-5166-4076-8D32-36801637F144}"
EndProject
Project("{FAE04EC0-301F-11D3-BF4B-00C04F79EFBC}") = "DeafHearingAID.Android", "DeafHearingAID\DeafHearingAID.Android\DeafHearingAID.Android.csproj", "{8EE18540-03B4-49FB-9784-92CCB474BA20}"
EndProject
Project("{FAE04EC0-301F-11D3-BF4B-00C04F79EFBC}") = "DeafHearingAID.iOS", "DeafHearingAID\DeafHearingAID.iOS\DeafHearingAID.iOS.csproj", "{AB9EE8B3-F237-4EE3-9009-C38AE5744947}"
EndProject
Project("{FAE04EC0-301F-11D3-BF4B-00C04F79EFBC}") = "DeafHearingAID", "DeafHearingAID\DeafHearingAID\DeafHearingAID.csproj", "{B251CB05-6912-4A3F-83C9-7F46367FBDC5}"
EndProject
Global
	GlobalSection(SolutionConfigurationPlatforms) = preSolution
		Debug|Any CPU = Debug|Any CPU
		Debug|ARM = Debug|ARM
		Debug|iPhone = Debug|iPhone
		Debug|iPhoneSimulator = Debug|iPhoneSimulator
		Debug|x64 = Debug|x64
		Debug|x86 = Debug|x86
		Release|Any CPU = Release|Any CPU
		Release|ARM = Release|ARM
		Release|iPhone = Release|iPhone
		Release|iPhoneSimulator = Release|iPhoneSimulator
		Release|x64 = Release|x64
		Release|x86 = Release|x86
	EndGlobalSection
	GlobalSection(ProjectConfigurationPlatforms) = postSolution
		{CF357654-5166-4076-8D32-36801637F144}.Debug|Any CPU.ActiveCfg = Debug|x86
		{CF357654-5166-4076-8D32-36801637F144}.Debug|Any CPU.Build.0 = Debug|x86
		{CF357654-5166-4076-8D32-36801637F144}.Debug|Any CPU.Deploy.0 = Debug|x86
		{CF357654-5166-4076-8D32-36801637F144}.Debug|ARM.ActiveCfg = Debug|ARM
		{CF357654-5166-4076-8D32-36801637F144}.Debug|ARM.Build.0 = Debug|ARM
		{CF357654-5166-4076-8D32-36801637F144}.Debug|ARM.Deploy.0 = Debug|ARM
		{CF357654-5166-4076-8D32-36801637F144}.Debug|iPhone.ActiveCfg = Debug|x86
		{CF357654-5166-4076-8D32-36801637F144}.Debug|iPhone.Build.0 = Debug|x86
		{CF357654-5166-4076-8D32-36801637F144}.Debug|iPhone.Deploy.0 = Debug|x86
		{CF357654-5166-4076-8D32-36801637F144}.Debug|iPhoneSimulator.ActiveCfg = Debug|x86
		{CF357654-5166-4076-8D32-36801637F144}.Debug|iPhoneSimulator.Build.0 = Debug|x86
		{CF357654-5166-4076-8D32-36801637F144}.Debug|iPhoneSimulator.Deploy.0 = Debug|x86
		{CF357654-5166-4076-8D32-36801637F144}.Debug|x64.ActiveCfg = Debug|x64
		{CF357654-5166-4076-8D32-36801637F144}.Debug|x64.Build.0 = Debug|x64
		{CF357654-5166-4076-8D32-36801637F144}.Debug|x64.Deploy.0 = Debug|x64
		{CF357654-5166-4076-8D32-36801637F144}.Debug|x86.ActiveCfg = Debug|x86
		{CF357654-5166-4076-8D32-36801637F144}.Debug|x86.Build.0 = Debug|x86
		{CF357654-5166-4076-8D32-36801637F144}.Debug|x86.Deploy.0 = Debug|x86
		{CF357654-5166-4076-8D32-36801637F144}.Release|Any CPU.ActiveCfg = Release|x86
		{CF357654-5166-4076-8D32-36801637F144}.Release|Any CPU.Build.0 = Release|x86
		{CF357654-5166-4076-8D32-36801637F144}.Release|Any CPU.Deploy.0 = Release|x86
		{CF357654-5166-4076-8D32-36801637F144}.Release|ARM.ActiveCfg = Release|ARM
		{CF357654-5166-4076-8D32-36801637F144}.Release|ARM.Build.0 = Release|ARM
		{CF357654-5166-4076-8D32-36801637F144}.Release|ARM.Deploy.0 = Release|ARM
		{CF357654-5166-4076-8D32-36801637F144}.Release|iPhone.ActiveCfg = Release|x86
		{CF357654-5166-4076-8D32-36801637F144}.Release|iPhone.Build.0 = Release|x86
		{CF357654-5166-4076-8D32-36801637F144}.Release|iPhone.Deploy.0 = Release|x86
		{CF357654-5166-4076-8D32-36801637F144}.Release|iPhoneSimulator.ActiveCfg = Release|x86
		{CF357654-5166-4076-8D32-36801637F144}.Release|iPhoneSimulator.Build.0 = Release|x86
		{CF357654-5166-4076-8D32-36801637F144}.Release|iPhoneSimulator.Deploy.0 = Release|x86
		{CF357654-5166-4076-8D32-36801637F144}.Release|x64.ActiveCfg = Release|x64
		{CF357654-5166-4076-8D32-36801637F144}.Release|x64.Build.0 = Release|x64
		{CF357654-5166-4076-8D32-36801637F144}.Release|x64.Deploy.0 = Release|x64
		{CF357654-5166-4076-8D32-36801637F144}.Release|x86.ActiveCfg = Release|x86
		{CF357654-5166-4076-8D32-36801637F144}.Release|x86.Build.0 = Release|x86
		{CF357654-5166-4076-8D32-36801637F144}.Release|x86.Deploy.0 = Release|x86
		{8EE18540-03B4-49FB-9784-92CCB474BA20}.Debug|Any CPU.ActiveCfg = Debug|Any CPU
		{8EE18540-03B4-49FB-9784-92CCB474BA20}.Debug|Any CPU.Build.0 = Debug|Any CPU
		{8EE18540-03B4-49FB-9784-92CCB474BA20}.Debug|Any CPU.Deploy.0 = Debug|Any CPU
		{8EE18540-03B4-49FB-9784-92CCB474BA20}.Debug|ARM.ActiveCfg = Debug|Any CPU
		{8EE18540-03B4-49FB-9784-92CCB474BA20}.Debug|ARM.Build.0 = Debug|Any CPU
		{8EE18540-03B4-49FB-9784-92CCB474BA20}.Debug|ARM.Deploy.0 = Debug|Any CPU
		{8EE18540-03B4-49FB-9784-92CCB474BA20}.Debug|iPhone.ActiveCfg = Debug|Any CPU
		{8EE18540-03B4-49FB-9784-92CCB474BA20}.Debug|iPhone.Build.0 = Debug|Any CPU
		{8EE18540-03B4-49FB-9784-92CCB474BA20}.Debug|iPhone.Deploy.0 = Debug|Any CPU
		{8EE18540-03B4-49FB-9784-92CCB474BA20}.Debug|iPhoneSimulator.ActiveCfg = Debug|Any CPU
		{8EE18540-03B4-49FB-9784-92CCB474BA20}.Debug|iPhoneSimulator.Build.0 = Debug|Any CPU
		{8EE18540-03B4-49FB-9784-92CCB474BA20}.Debug|iPhoneSimulator.Deploy.0 = Debug|Any CPU
		{8EE18540-03B4-49FB-9784-92CCB474BA20}.Debug|x64.ActiveCfg = Debug|Any CPU
		{8EE18540-03B4-49FB-9784-92CCB474BA20}.Debug|x64.Build.0 = Debug|Any CPU
		{8EE18540-03B4-49FB-9784-92CCB474BA20}.Debug|x64.Deploy.0 = Debug|Any CPU
		{8EE18540-03B4-49FB-9784-92CCB474BA20}.Debug|x86.ActiveCfg = Debug|Any CPU
		{8EE18540-03B4-49FB-9784-92CCB474BA20}.Debug|x86.Build.0 = Debug|Any CPU
		{8EE18540-03B4-49FB-9784-92CCB474BA20}.Debug|x86.Deploy.0 = Debug|Any CPU
		{8EE18540-03B4-49FB-9784-92CCB474BA20}.Release|Any CPU.ActiveCfg = Release|Any CPU
		{8EE18540-03B4-49FB-9784-92CCB474BA20}.Release|Any CPU.Build.0 = Release|Any CPU
		{8EE18540-03B4-49FB-9784-92CCB474BA20}.Release|Any CPU.Deploy.0 = Release|Any CPU
		{8EE18540-03B4-49FB-9784-92CCB474BA20}.Release|ARM.ActiveCfg = Release|Any CPU
		{8EE18540-03B4-49FB-9784-92CCB474BA20}.Release|ARM.Build.0 = Release|Any CPU
		{8EE18540-03B4-49FB-9784-92CCB474BA20}.Release|ARM.Deploy.0 = Release|Any CPU
		{8EE18540-03B4-49FB-9784-92CCB474BA20}.Release|iPhone.ActiveCfg = Release|Any CPU
		{8EE18540-03B4-49FB-9784-92CCB474BA20}.Release|iPhone.Build.0 = Release|Any CPU
		{8EE18540-03B4-49FB-9784-92CCB474BA20}.Release|iPhone.Deploy.0 = Release|Any CPU
		{8EE18540-03B4-49FB-9784-92CCB474BA20}.Release|iPhoneSimulator.ActiveCfg = Release|Any CPU
		{8EE18540-03B4-49FB-9784-92CCB474BA20}.Release|iPhoneSimulator.Build.0 = Release|Any CPU
		{8EE18540-03B4-49FB-9784-92CCB474BA20}.Release|iPhoneSimulator.Deploy.0 = Release|Any CPU
		{8EE18540-03B4-49FB-9784-92CCB474BA20}.Release|x64.ActiveCfg = Release|Any CPU
		{8EE18540-03B4-49FB-9784-92CCB474BA20}.Release|x64.Build.0 = Release|Any CPU
		{8EE18540-03B4-49FB-9784-92CCB474BA20}.Release|x64.Deploy.0 = Release|Any CPU
		{8EE18540-03B4-49FB-9784-92CCB474BA20}.Release|x86.ActiveCfg = Release|Any CPU
		{8EE18540-03B4-49FB-9784-92CCB474BA20}.Release|x86.Build.0 = Release|Any CPU
		{8EE18540-03B4-49FB-9784-92CCB474BA20}.Release|x86.Deploy.0 = Release|Any CPU
		{AB9EE8B3-F237-4EE3-9009-C38AE5744947}.Debug|Any CPU.ActiveCfg = Debug|iPhoneSimulator
		{AB9EE8B3-F237-4EE3-9009-C38AE5744947}.Debug|Any CPU.Build.0 = Debug|iPhoneSimulator
		{AB9EE8B3-F237-4EE3-9009-C38AE5744947}.Debug|Any CPU.Deploy.0 = Debug|iPhoneSimulator
		{AB9EE8B3-F237-4EE3-9009-C38AE5744947}.Debug|ARM.ActiveCfg = Debug|iPhone
		{AB9EE8B3-F237-4EE3-9009-C38AE5744947}.Debug|ARM.Build.0 = Debug|iPhone
		{AB9EE8B3-F237-4EE3-9009-C38AE5744947}.Debug|ARM.Deploy.0 = Debug|iPhone
		{AB9EE8B3-F237-4EE3-9009-C38AE5744947}.Debug|iPhone.ActiveCfg = Debug|iPhone
		{AB9EE8B3-F237-4EE3-9009-C38AE5744947}.Debug|iPhone.Build.0 = Debug|iPhone
		{AB9EE8B3-F237-4EE3-9009-C38AE5744947}.Debug|iPhone.Deploy.0 = Debug|iPhone
		{AB9EE8B3-F237-4EE3-9009-C38AE5744947}.Debug|iPhoneSimulator.ActiveCfg = Debug|iPhoneSimulator
		{AB9EE8B3-F237-4EE3-9009-C38AE5744947}.Debug|iPhoneSimulator.Build.0 = Debug|iPhoneSimulator
		{AB9EE8B3-F237-4EE3-9009-C38AE5744947}.Debug|iPhoneSimulator.Deploy.0 = Debug|iPhoneSimulator
		{AB9EE8B3-F237-4EE3-9009-C38AE5744947}.Debug|x64.ActiveCfg = Debug|iPhoneSimulator
		{AB9EE8B3-F237-4EE3-9009-C38AE5744947}.Debug|x64.Build.0 = Debug|iPhoneSimulator
		{AB9EE8B3-F237-4EE3-9009-C38AE5744947}.Debug|x64.Deploy.0 = Debug|iPhoneSimulator
		{AB9EE8B3-F237-4EE3-9009-C38AE5744947}.Debug|x86.ActiveCfg = Debug|iPhoneSimulator
		{AB9EE8B3-F237-4EE3-9009-C38AE5744947}.Debug|x86.Build.0 = Debug|iPhoneSimulator
		{AB9EE8B3-F237-4EE3-9009-C38AE5744947}.Debug|x86.Deploy.0 = Debug|iPhoneSimulator
		{AB9EE8B3-F237-4EE3-9009-C38AE5744947}.Release|Any CPU.ActiveCfg = Release|iPhoneSimulator
		{AB9EE8B3-F237-4EE3-9009-C38AE5744947}.Release|Any CPU.Build.0 = Release|iPhoneSimulator
		{AB9EE8B3-F237-4EE3-9009-C38AE5744947}.Release|Any CPU.Deploy.0 = Release|iPhoneSimulator
		{AB9EE8B3-F237-4EE3-9009-C38AE5744947}.Release|ARM.ActiveCfg = Release|iPhoneSimulator
		{AB9EE8B3-F237-4EE3-9009-C38AE5744947}.Release|ARM.Build.0 = Release|iPhoneSimulator
		{AB9EE8B3-F237-4EE3-9009-C38AE5744947}.Release|ARM.Deploy.0 = Release|iPhoneSimulator
		{AB9EE8B3-F237-4EE3-9009-C38AE5744947}.Release|iPhone.ActiveCfg = Release|iPhone
		{AB9EE8B3-F237-4EE3-9009-C38AE5744947}.Release|iPhone.Build.0 = Release|iPhone
		{AB9EE8B3-F237-4EE3-9009-C38AE5744947}.Release|iPhone.Deploy.0 = Release|iPhone
		{AB9EE8B3-F237-4EE3-9009-C38AE5744947}.Release|iPhoneSimulator.ActiveCfg = Release|iPhoneSimulator
		{AB9EE8B3-F237-4EE3-9009-C38AE5744947}.Release|iPhoneSimulator.Build.0 = Release|iPhoneSimulator
		{AB9EE8B3-F237-4EE3-9009-C38AE5744947}.Release|iPhoneSimulator.Deploy.0 = Release|iPhoneSimulator
		{AB9EE8B3-F237-4EE3-9009-C38AE5744947}.Release|x64.ActiveCfg = Release|iPhoneSimulator
		{AB9EE8B3-F237-4EE3-9009-C38AE5744947}.Release|x64.Build.0 = Release|iPhoneSimulator
		{AB9EE8B3-F237-4EE3-9009-C38AE5744947}.Release|x64.Deploy.0 = Release|iPhoneSimulator
		{AB9EE8B3-F237-4EE3-9009-C38AE5744947}.Release|x86.ActiveCfg = Release|iPhoneSimulator
		{AB9EE8B3-F237-4EE3-9009-C38AE5744947}.Release|x86.Build.0 = Release|iPhoneSimulator
		{AB9EE8B3-F237-4EE3-9009-C38AE5744947}.Release|x86.Deploy.0 = Release|iPhoneSimulator
		{B251CB05-6912-4A3F-83C9-7F46367FBDC5}.Debug|Any CPU.ActiveCfg = Debug|Any CPU
		{B251CB05-6912-4A3F-83C9-7F46367FBDC5}.Debug|Any CPU.Build.0 = Debug|Any CPU
		{B251CB05-6912-4A3F-83C9-7F46367FBDC5}.Debug|Any CPU.Deploy.0 = Debug|Any CPU
		{B251CB05-6912-4A3F-83C9-7F46367FBDC5}.Debug|ARM.ActiveCfg = Debug|Any CPU
		{B251CB05-6912-4A3F-83C9-7F46367FBDC5}.Debug|ARM.Build.0 = Debug|Any CPU
		{B251CB05-6912-4A3F-83C9-7F46367FBDC5}.Debug|ARM.Deploy.0 = Debug|Any CPU
		{B251CB05-6912-4A3F-83C9-7F46367FBDC5}.Debug|iPhone.ActiveCfg = Debug|Any CPU
		{B251CB05-6912-4A3F-83C9-7F46367FBDC5}.Debug|iPhone.Build.0 = Debug|Any CPU
		{B251CB05-6912-4A3F-83C9-7F46367FBDC5}.Debug|iPhone.Deploy.0 = Debug|Any CPU
		{B251CB05-6912-4A3F-83C9-7F46367FBDC5}.Debug|iPhoneSimulator.ActiveCfg = Debug|Any CPU
		{B251CB05-6912-4A3F-83C9-7F46367FBDC5}.Debug|iPhoneSimulator.Build.0 = Debug|Any CPU
		{B251CB05-6912-4A3F-83C9-7F46367FBDC5}.Debug|iPhoneSimulator.Deploy.0 = Debug|Any CPU
		{B251CB05-6912-4A3F-83C9-7F46367FBDC5}.Debug|x64.ActiveCfg = Debug|Any CPU
		{B251CB05-6912-4A3F-83C9-7F46367FBDC5}.Debug|x64.Build.0 = Debug|Any CPU
		{B251CB05-6912-4A3F-83C9-7F46367FBDC5}.Debug|x64.Deploy.0 = Debug|Any CPU
		{B251CB05-6912-4A3F-83C9-7F46367FBDC5}.Debug|x86.ActiveCfg = Debug|Any CPU
		{B251CB05-6912-4A3F-83C9-7F46367FBDC5}.Debug|x86.Build.0 = Debug|Any CPU
		{B251CB05-6912-4A3F-83C9-7F46367FBDC5}.Debug|x86.Deploy.0 = Debug|Any CPU
		{B251CB05-6912-4A3F-83C9-7F46367FBDC5}.Release|Any CPU.ActiveCfg = Release|Any CPU
		{B251CB05-6912-4A3F-83C9-7F46367FBDC5}.Release|Any CPU.Build.0 = Release|Any CPU
		{B251CB05-6912-4A3F-83C9-7F46367FBDC5}.Release|Any CPU.Deploy.0 = Release|Any CPU
		{B251CB05-6912-4A3F-83C9-7F46367FBDC5}.Release|ARM.ActiveCfg = Release|Any CPU
		{B251CB05-6912-4A3F-83C9-7F46367FBDC5}.Release|ARM.Build.0 = Release|Any CPU
		{B251CB05-6912-4A3F-83C9-7F46367FBDC5}.Release|ARM.Deploy.0 = Release|Any CPU
		{B251CB05-6912-4A3F-83C9-7F46367FBDC5}.Release|iPhone.ActiveCfg = Release|Any CPU
		{B251CB05-6912-4A3F-83C9-7F46367FBDC5}.Release|iPhone.Build.0 = Release|Any CPU
		{B251CB05-6912-4A3F-83C9-7F46367FBDC5}.Release|iPhone.Deploy.0 = Release|Any CPU
		{B251CB05-6912-4A3F-83C9-7F46367FBDC5}.Release|iPhoneSimulator.ActiveCfg = Release|Any CPU
		{B251CB05-6912-4A3F-83C9-7F46367FBDC5}.Release|iPhoneSimulator.Build.0 = Release|Any CPU
		{B251CB05-6912-4A3F-83C9-7F46367FBDC5}.Release|iPhoneSimulator.Deploy.0 = Release|Any CPU
		{B251CB05-6912-4A3F-83C9-7F46367FBDC5}.Release|x64.ActiveCfg = Release|Any CPU
		{B251CB05-6912-4A3F-83C9-7F46367FBDC5}.Release|x64.Build.0 = Release|Any CPU
		{B251CB05-6912-4A3F-83C9-7F46367FBDC5}.Release|x64.Deploy.0 = Release|Any CPU
		{B251CB05-6912-4A3F-83C9-7F46367FBDC5}.Release|x86.ActiveCfg = Release|Any CPU
		{B251CB05-6912-4A3F-83C9-7F46367FBDC5}.Release|x86.Build.0 = Release|Any CPU
		{B251CB05-6912-4A3F-83C9-7F46367FBDC5}.Release|x86.Deploy.0 = Release|Any CPU
	EndGlobalSection
	GlobalSection(SolutionProperties) = preSolution
		HideSolutionNode = FALSE
	EndGlobalSection
	GlobalSection(ExtensibilityGlobals) = postSolution
		SolutionGuid = {1CBECBD9-EC03-4483-A158-35EDFAED631E}
	EndGlobalSection
EndGlobal
